
Microsoft Visual Studio Solution File, Format Version 12.00
# Visual Studio Version 17
VisualStudioVersion = 17.11.35222.181
MinimumVisualStudioVersion = 10.0.40219.1
Project("{FAE04EC0-301F-11D3-BF4B-00C04F79EFBC}") = "MovieApp", "MovieApp.csproj", "{77103317-C5BB-4EC8-835D-ABCC83037690}"
EndProject
Global
	GlobalSection(SolutionConfigurationPlatforms) = preSolution
		Debug|Any CPU = Debug|Any CPU
		Release|Any CPU = Release|Any CPU
	EndGlobalSection
	GlobalSection(ProjectConfigurationPlatforms) = postSolution
		{77103317-C5BB-4EC8-835D-ABCC83037690}.Debug|Any CPU.ActiveCfg = Debug|Any CPU
		{77103317-C5BB-4EC8-835D-ABCC83037690}.Debug|Any CPU.Build.0 = Debug|Any CPU
		{77103317-C5BB-4EC8-835D-ABCC83037690}.Release|Any CPU.ActiveCfg = Release|Any CPU
		{77103317-C5BB-4EC8-835D-ABCC83037690}.Release|Any CPU.Build.0 = Release|Any CPU
	EndGlobalSection
	GlobalSection(SolutionProperties) = preSolution
		HideSolutionNode = FALSE
	EndGlobalSection
	GlobalSection(ExtensibilityGlobals) = postSolution
		SolutionGuid = {1984298C-501A-4A2E-9D81-51E1DE96DE8C}
	EndGlobalSection
EndGlobal
